{
  "name": "tomsindex",
  "version": "0.2.1",
  "lockfileVersion": 3,
  "requires": true,
  "packages": {
    "": {
      "name": "tomsindex",
      "version": "0.2.1",
      "license": "MIT",
      "files": [
        "bin/",
        "src/",
        "README.md",
        "LICENSE"
      ],
      "bin": {
        "tomsindex": "bin/tomsindex.js"
      },
      "engines": {
        "node": ">=18.17"
      }
    }
  }
}
